# This file is automatically @generated by Poetry 2.2.1 and should not be changed by hand.

[[package]]
name = "dearpygui"
version = "2.2"
description = "DearPyGui: A simple Python GUI Toolkit"
optional = false
python-versions = ">=3.8"
groups = ["main"]
files = [
    {file = "dearpygui-2.2-cp310-cp310-macosx_13_0_arm64.whl", hash = "sha256:9805b99abcdf89b18c6877cfd4865f844398e1c555316d2f7347b1e8e62f29fd"},
    {file = "dearpygui-2.2-cp310-cp310-manylinux1_x86_64.whl", hash = "sha256:8b42ebd0a73ddf03ab5fb0777636216035716089ae449f904fe37ccebbed0061"},
    {file = "dearpygui-2.2-cp310-cp310-win_amd64.whl", hash = "sha256:9872af7c4d1c7f8b4f1031c1c333ff83c778332674ac3d54178fa7ca0230c6ab"},
    {file = "dearpygui-2.2-cp311-cp311-macosx_13_0_arm64.whl", hash = "sha256:a2dbbd975e1dbdf4688ef49b95651192b6417c8722e470b9ad2b7f5029555c63"},
    {file = "dearpygui-2.2-cp311-cp311-manylinux1_x86_64.whl", hash = "sha256:87c16bc00b94ee748c8c156c10f353b7f0b6e843ecec54121cb3b9f254abf940"},
    {file = "dearpygui-2.2-cp311-cp311-win_amd64.whl", hash = "sha256:d5a38e58a03a41e09915f9b026759899d772d32e920bcd114d1b3f344946e0f0"},
    {file = "dearpygui-2.2-cp312-cp312-macosx_13_0_arm64.whl", hash = "sha256:34ceae1ca1b65444e49012d6851312e44f08713da1b8cc0150cf41f1c207af9c"},
    {file = "dearpygui-2.2-cp312-cp312-manylinux1_x86_64.whl", hash = "sha256:e1fae9ae59fec0e41773df64c80311a6ba67696219dde5506a2a4c013e8bcdfa"},
    {file = "dearpygui-2.2-cp312-cp312-win_amd64.whl", hash = "sha256:7d399543b5a26ab6426ef3bbd776e55520b491b3e169647bde5e6b2de3701b35"},
    {file = "dearpygui-2.2-cp313-cp313-macosx_13_0_arm64.whl", hash = "sha256:084c309c56d3e05fcf75eef872df6df97f5e3e19da5ecad393a57cf7a5e56294"},
    {file = "dearpygui-2.2-cp313-cp313-manylinux1_x86_64.whl", hash = "sha256:05d8c18a0134d72f680e333c80ccab264351170293f86a05f5a0e14222992f27"},
    {file = "dearpygui-2.2-cp313-cp313-win_amd64.whl", hash = "sha256:500087e88d61b4ef0c841f30b12a05f5128774db3883fde7ff7c6172f03f6d79"},
    {file = "dearpygui-2.2-cp314-cp314-macosx_13_0_arm64.whl", hash = "sha256:22451146968729429ba37afa2602957dfefc03ff92dcc627dd4d85ba3f93e771"},
    {file = "dearpygui-2.2-cp314-cp314-manylinux1_x86_64.whl", hash = "sha256:dcc9377d8d9fe27f659ae6b016fe96aa37d8b26b57ce60c47985290e1be7801e"},
    {file = "dearpygui-2.2-cp314-cp314-win_amd64.whl", hash = "sha256:fe3c8dc37be3ddce0356afb0c16721c0e485a4c94a831886935a0692bb9a9966"},
    {file = "dearpygui-2.2-cp38-cp38-manylinux1_x86_64.whl", hash = "sha256:e732d1aa077f71351c69b2566f15ae91aa6ea313e57febbe6c6e95add02ff504"},
    {file = "dearpygui-2.2-cp38-cp38-win_amd64.whl", hash = "sha256:338be498ba1a44ec0fca79d4d990cb875127ef3c8b91e2d8ead28606f306accf"},
    {file = "dearpygui-2.2-cp39-cp39-manylinux1_x86_64.whl", hash = "sha256:9be4381cd4fcf9dab0e8eb7a11455296fb804875fb756c9a4c0aef59a8aabc12"},
    {file = "dearpygui-2.2-cp39-cp39-win_amd64.whl", hash = "sha256:c16607014d3dbb8537b636fcf86b0282d2177a4ac2154bf0ac24cdddab82279a"},
]

[metadata]
lock-version = "2.1"
python-versions = "^3.11"
content-hash = "3028777e3d8936df9d186d7103b2c76fad47b48756b4c6c8b2baba8acccace35"
